
Microsoft Visual Studio Solution File, Format Version 12.00
# Visual Studio Version 16
VisualStudioVersion = 16.0.31321.278
MinimumVisualStudioVersion = 10.0.40219.1
Project("{FAE04EC0-301F-11D3-BF4B-00C04F79EFBC}") = "LhadriDataManager", "LhadriDataManager\LhadriDataManager.csproj", "{6737B502-A4A5-464F-9891-131E2E065774}"
EndProject
Project("{00D1A9C2-B5F0-4AF3-8072-F6C62B433612}") = "LRMData", "LRMData\LRMData.sqlproj", "{B8901CFF-6E5E-4198-AA45-2B20B5B997CC}"
EndProject
Global
	GlobalSection(SolutionConfigurationPlatforms) = preSolution
		Debug|Any CPU = Debug|Any CPU
		Release|Any CPU = Release|Any CPU
	EndGlobalSection
	GlobalSection(ProjectConfigurationPlatforms) = postSolution
		{6737B502-A4A5-464F-9891-131E2E065774}.Debug|Any CPU.ActiveCfg = Debug|Any CPU
		{6737B502-A4A5-464F-9891-131E2E065774}.Debug|Any CPU.Build.0 = Debug|Any CPU
		{6737B502-A4A5-464F-9891-131E2E065774}.Release|Any CPU.ActiveCfg = Release|Any CPU
		{6737B502-A4A5-464F-9891-131E2E065774}.Release|Any CPU.Build.0 = Release|Any CPU
		{B8901CFF-6E5E-4198-AA45-2B20B5B997CC}.Debug|Any CPU.ActiveCfg = Debug|Any CPU
		{B8901CFF-6E5E-4198-AA45-2B20B5B997CC}.Debug|Any CPU.Build.0 = Debug|Any CPU
		{B8901CFF-6E5E-4198-AA45-2B20B5B997CC}.Debug|Any CPU.Deploy.0 = Debug|Any CPU
		{B8901CFF-6E5E-4198-AA45-2B20B5B997CC}.Release|Any CPU.ActiveCfg = Release|Any CPU
		{B8901CFF-6E5E-4198-AA45-2B20B5B997CC}.Release|Any CPU.Build.0 = Release|Any CPU
		{B8901CFF-6E5E-4198-AA45-2B20B5B997CC}.Release|Any CPU.Deploy.0 = Release|Any CPU
	EndGlobalSection
	GlobalSection(SolutionProperties) = preSolution
		HideSolutionNode = FALSE
	EndGlobalSection
	GlobalSection(ExtensibilityGlobals) = postSolution
		SolutionGuid = {87423ACF-1A5B-4812-A8CE-5A49FA579595}
	EndGlobalSection
EndGlobal
